<Solution>
  <Folder Name="/Solution Items/">
    <File Path=".dockerignore" />
    <File Path=".gitignore" />
    <File Path="docker-compose.yml" />
    <File Path="README.md" />
  </Folder>
  <Project Path="Didakt.Api.Auth/Didakt.Api.Auth.csproj" />
  <Project Path="Didakt.Api.Leaderboard/Didakt.Api.Leaderboard.csproj" />
</Solution>
