<Solution>
  <Folder Name="/Solution Items/">
    <File Path=".dockerignore" />
    <File Path=".gitignore" />
    <File Path="docker-compose.yml" />
    <File Path="README.md" />
  </Folder>
  <Project Path="auth-service/auth-service.csproj" />
  <Project Path="leaderboard-service/leaderboard-service.csproj" />
</Solution>
